
Microsoft Visual Studio Solution File, Format Version 12.00
# Visual Studio Express 2012 for Windows 8
Project("{262852C6-CD72-467D-83FE-5EEB1973A190}") = "LWDemo01", "LWDemo01\LWDemo01.jsproj", "{A8EFB040-E782-42EC-825A-B1E2DD04DCFE}"
EndProject
Project("{262852C6-CD72-467D-83FE-5EEB1973A190}") = "AnimationLibrary", "..\javascriptDemo\HTML animation library sample\JavaScript\AnimationLibrary.jsproj", "{20DCC941-D3D9-4961-9138-35B6E9B8805B}"
EndProject
Global
	GlobalSection(SolutionConfigurationPlatforms) = preSolution
		Debug|ARM = Debug|ARM
		Debug|Any CPU = Debug|Any CPU
		Debug|x64 = Debug|x64
		Debug|x86 = Debug|x86
		Release|ARM = Release|ARM
		Release|Any CPU = Release|Any CPU
		Release|x64 = Release|x64
		Release|x86 = Release|x86
	EndGlobalSection
	GlobalSection(ProjectConfigurationPlatforms) = postSolution
		{20DCC941-D3D9-4961-9138-35B6E9B8805B}.Debug|ARM.ActiveCfg = Debug|Any CPU
		{20DCC941-D3D9-4961-9138-35B6E9B8805B}.Debug|Any CPU.ActiveCfg = Debug|Any CPU
		{20DCC941-D3D9-4961-9138-35B6E9B8805B}.Debug|Any CPU.Build.0 = Debug|Any CPU
		{20DCC941-D3D9-4961-9138-35B6E9B8805B}.Debug|Any CPU.Deploy.0 = Debug|Any CPU
		{20DCC941-D3D9-4961-9138-35B6E9B8805B}.Debug|x64.ActiveCfg = Debug|Any CPU
		{20DCC941-D3D9-4961-9138-35B6E9B8805B}.Debug|x86.ActiveCfg = Debug|Any CPU
		{20DCC941-D3D9-4961-9138-35B6E9B8805B}.Release|ARM.ActiveCfg = Release|Any CPU
		{20DCC941-D3D9-4961-9138-35B6E9B8805B}.Release|Any CPU.ActiveCfg = Release|Any CPU
		{20DCC941-D3D9-4961-9138-35B6E9B8805B}.Release|Any CPU.Build.0 = Release|Any CPU
		{20DCC941-D3D9-4961-9138-35B6E9B8805B}.Release|Any CPU.Deploy.0 = Release|Any CPU
		{20DCC941-D3D9-4961-9138-35B6E9B8805B}.Release|x64.ActiveCfg = Release|Any CPU
		{20DCC941-D3D9-4961-9138-35B6E9B8805B}.Release|x86.ActiveCfg = Release|Any CPU
		{A8EFB040-E782-42EC-825A-B1E2DD04DCFE}.Debug|ARM.ActiveCfg = Debug|ARM
		{A8EFB040-E782-42EC-825A-B1E2DD04DCFE}.Debug|ARM.Build.0 = Debug|ARM
		{A8EFB040-E782-42EC-825A-B1E2DD04DCFE}.Debug|ARM.Deploy.0 = Debug|ARM
		{A8EFB040-E782-42EC-825A-B1E2DD04DCFE}.Debug|Any CPU.ActiveCfg = Debug|Any CPU
		{A8EFB040-E782-42EC-825A-B1E2DD04DCFE}.Debug|Any CPU.Build.0 = Debug|Any CPU
		{A8EFB040-E782-42EC-825A-B1E2DD04DCFE}.Debug|Any CPU.Deploy.0 = Debug|Any CPU
		{A8EFB040-E782-42EC-825A-B1E2DD04DCFE}.Debug|x64.ActiveCfg = Debug|x64
		{A8EFB040-E782-42EC-825A-B1E2DD04DCFE}.Debug|x64.Build.0 = Debug|x64
		{A8EFB040-E782-42EC-825A-B1E2DD04DCFE}.Debug|x64.Deploy.0 = Debug|x64
		{A8EFB040-E782-42EC-825A-B1E2DD04DCFE}.Debug|x86.ActiveCfg = Debug|x86
		{A8EFB040-E782-42EC-825A-B1E2DD04DCFE}.Debug|x86.Build.0 = Debug|x86
		{A8EFB040-E782-42EC-825A-B1E2DD04DCFE}.Debug|x86.Deploy.0 = Debug|x86
		{A8EFB040-E782-42EC-825A-B1E2DD04DCFE}.Release|ARM.ActiveCfg = Release|ARM
		{A8EFB040-E782-42EC-825A-B1E2DD04DCFE}.Release|ARM.Build.0 = Release|ARM
		{A8EFB040-E782-42EC-825A-B1E2DD04DCFE}.Release|ARM.Deploy.0 = Release|ARM
		{A8EFB040-E782-42EC-825A-B1E2DD04DCFE}.Release|Any CPU.ActiveCfg = Release|Any CPU
		{A8EFB040-E782-42EC-825A-B1E2DD04DCFE}.Release|Any CPU.Build.0 = Release|Any CPU
		{A8EFB040-E782-42EC-825A-B1E2DD04DCFE}.Release|Any CPU.Deploy.0 = Release|Any CPU
		{A8EFB040-E782-42EC-825A-B1E2DD04DCFE}.Release|x64.ActiveCfg = Release|x64
		{A8EFB040-E782-42EC-825A-B1E2DD04DCFE}.Release|x64.Build.0 = Release|x64
		{A8EFB040-E782-42EC-825A-B1E2DD04DCFE}.Release|x64.Deploy.0 = Release|x64
		{A8EFB040-E782-42EC-825A-B1E2DD04DCFE}.Release|x86.ActiveCfg = Release|x86
		{A8EFB040-E782-42EC-825A-B1E2DD04DCFE}.Release|x86.Build.0 = Release|x86
		{A8EFB040-E782-42EC-825A-B1E2DD04DCFE}.Release|x86.Deploy.0 = Release|x86
	EndGlobalSection
	GlobalSection(SolutionProperties) = preSolution
		HideSolutionNode = FALSE
	EndGlobalSection
EndGlobal
